
Microsoft Visual Studio Solution File, Format Version 12.00
# Visual Studio Version 17
VisualStudioVersion = 17.7.34221.43
MinimumVisualStudioVersion = 10.0.40219.1
Project("{FAE04EC0-301F-11D3-BF4B-00C04F79EFBC}") = "AbaxRekruttering", "AbaxRekruttering.csproj", "{73A026C9-A47C-4F39-A7DB-7346A3D9065A}"
EndProject
Global
	GlobalSection(SolutionConfigurationPlatforms) = preSolution
		Debug|Any CPU = Debug|Any CPU
		Release|Any CPU = Release|Any CPU
	EndGlobalSection
	GlobalSection(ProjectConfigurationPlatforms) = postSolution
		{73A026C9-A47C-4F39-A7DB-7346A3D9065A}.Debug|Any CPU.ActiveCfg = Debug|Any CPU
		{73A026C9-A47C-4F39-A7DB-7346A3D9065A}.Debug|Any CPU.Build.0 = Debug|Any CPU
		{73A026C9-A47C-4F39-A7DB-7346A3D9065A}.Release|Any CPU.ActiveCfg = Release|Any CPU
		{73A026C9-A47C-4F39-A7DB-7346A3D9065A}.Release|Any CPU.Build.0 = Release|Any CPU
	EndGlobalSection
	GlobalSection(SolutionProperties) = preSolution
		HideSolutionNode = FALSE
	EndGlobalSection
	GlobalSection(ExtensibilityGlobals) = postSolution
		SolutionGuid = {AEF41F30-CAB3-4834-ACE2-6C3804D1FE62}
	EndGlobalSection
EndGlobal
